<?xml version="1.0" encoding="UTF-8"?>
<Project ToolsVersion="14.0" xmlns="http://schemas.microsoft.com/developer/msbuild/2003">
  <ItemGroup>
    <CustomBuild Include="D:\GithubProjects\StarCraftBuilder\CMakeFiles\67750d071abeda3a75a71f71e665b368\INSTALL_force.rule">
      <Filter>CMake Rules</Filter>
    </CustomBuild>
  </ItemGroup>
  <ItemGroup>
    <Filter Include="CMake Rules">
      <UniqueIdentifier>{75D99DDC-F278-3BD2-B2E1-8E5BBEF19BE7}</UniqueIdentifier>
    </Filter>
  </ItemGroup>
</Project>
