<?xml version="1.0" encoding="UTF-8"?>
<Project ToolsVersion="14.0" xmlns="http://schemas.microsoft.com/developer/msbuild/2003">
  <ItemGroup>
    <ClCompile Include="D:\GithubProjects\StarCraftBuilder\src\framework\BaseBuilding.cpp">
      <Filter>Source Files</Filter>
    </ClCompile>
    <ClCompile Include="D:\GithubProjects\StarCraftBuilder\src\framework\BaseUnit.cpp">
      <Filter>Source Files</Filter>
    </ClCompile>
    <ClCompile Include="D:\GithubProjects\StarCraftBuilder\src\framework\BuildList.cpp">
      <Filter>Source Files</Filter>
    </ClCompile>
    <ClCompile Include="D:\GithubProjects\StarCraftBuilder\src\framework\GameObject.cpp">
      <Filter>Source Files</Filter>
    </ClCompile>
    <ClCompile Include="D:\GithubProjects\StarCraftBuilder\src\framework\ID.cpp">
      <Filter>Source Files</Filter>
    </ClCompile>
    <ClCompile Include="D:\GithubProjects\StarCraftBuilder\src\framework\Inventory.cpp">
      <Filter>Source Files</Filter>
    </ClCompile>
    <ClCompile Include="D:\GithubProjects\StarCraftBuilder\src\framework\Simulator.cpp">
      <Filter>Source Files</Filter>
    </ClCompile>
    <ClCompile Include="D:\GithubProjects\StarCraftBuilder\src\framework\TypeID.cpp">
      <Filter>Source Files</Filter>
    </ClCompile>
    <ClCompile Include="D:\GithubProjects\StarCraftBuilder\src\framework\VespeneBuilding.cpp">
      <Filter>Source Files</Filter>
    </ClCompile>
  </ItemGroup>
  <ItemGroup>
    <ClInclude Include="D:\GithubProjects\StarCraftBuilder\src\framework\BaseBuilding.h">
      <Filter>Header Files</Filter>
    </ClInclude>
    <ClInclude Include="D:\GithubProjects\StarCraftBuilder\src\framework\BaseUnit.h">
      <Filter>Header Files</Filter>
    </ClInclude>
    <ClInclude Include="D:\GithubProjects\StarCraftBuilder\src\framework\BuildList.h">
      <Filter>Header Files</Filter>
    </ClInclude>
    <ClInclude Include="D:\GithubProjects\StarCraftBuilder\src\framework\DefinedExceptions.h">
      <Filter>Header Files</Filter>
    </ClInclude>
    <ClInclude Include="D:\GithubProjects\StarCraftBuilder\src\framework\Events.h">
      <Filter>Header Files</Filter>
    </ClInclude>
    <ClInclude Include="D:\GithubProjects\StarCraftBuilder\src\framework\FixedPoint.h">
      <Filter>Header Files</Filter>
    </ClInclude>
    <ClInclude Include="D:\GithubProjects\StarCraftBuilder\src\framework\Framework.h">
      <Filter>Header Files</Filter>
    </ClInclude>
    <ClInclude Include="D:\GithubProjects\StarCraftBuilder\src\framework\GameObject.h">
      <Filter>Header Files</Filter>
    </ClInclude>
    <ClInclude Include="D:\GithubProjects\StarCraftBuilder\src\framework\GameObjectManager.h">
      <Filter>Header Files</Filter>
    </ClInclude>
    <ClInclude Include="D:\GithubProjects\StarCraftBuilder\src\framework\ID.h">
      <Filter>Header Files</Filter>
    </ClInclude>
    <ClInclude Include="D:\GithubProjects\StarCraftBuilder\src\framework\Inventory.h">
      <Filter>Header Files</Filter>
    </ClInclude>
    <ClInclude Include="D:\GithubProjects\StarCraftBuilder\src\framework\Message.h">
      <Filter>Header Files</Filter>
    </ClInclude>
    <ClInclude Include="D:\GithubProjects\StarCraftBuilder\src\framework\Messenger.h">
      <Filter>Header Files</Filter>
    </ClInclude>
    <ClInclude Include="D:\GithubProjects\StarCraftBuilder\src\framework\Resources.h">
      <Filter>Header Files</Filter>
    </ClInclude>
    <ClInclude Include="D:\GithubProjects\StarCraftBuilder\src\framework\Simulator.h">
      <Filter>Header Files</Filter>
    </ClInclude>
    <ClInclude Include="D:\GithubProjects\StarCraftBuilder\src\framework\Status.h">
      <Filter>Header Files</Filter>
    </ClInclude>
    <ClInclude Include="D:\GithubProjects\StarCraftBuilder\src\framework\TypeID.h">
      <Filter>Header Files</Filter>
    </ClInclude>
    <ClInclude Include="D:\GithubProjects\StarCraftBuilder\src\framework\Types.h">
      <Filter>Header Files</Filter>
    </ClInclude>
    <ClInclude Include="D:\GithubProjects\StarCraftBuilder\src\framework\VespeneBuilding.h">
      <Filter>Header Files</Filter>
    </ClInclude>
    <ClInclude Include="D:\GithubProjects\StarCraftBuilder\src\framework\Workers.h">
      <Filter>Header Files</Filter>
    </ClInclude>
    <ClInclude Include="D:\GithubProjects\StarCraftBuilder\src\framework\Debug.h">
      <Filter>Header Files</Filter>
    </ClInclude>
    <ClInclude Include="D:\GithubProjects\StarCraftBuilder\src\framework\Optimizer.h">
      <Filter>Header Files</Filter>
    </ClInclude>
  </ItemGroup>
  <ItemGroup>
    <CustomBuild Include="D:\GithubProjects\StarCraftBuilder\src\framework\CMakeLists.txt" />
  </ItemGroup>
  <ItemGroup>
    <Filter Include="Source Files">
      <UniqueIdentifier>{64336B05-67FD-3DB7-B5CF-C2C39348ED88}</UniqueIdentifier>
    </Filter>
    <Filter Include="Header Files">
      <UniqueIdentifier>{54B1AC90-A034-30C1-8645-6A3DF74F5058}</UniqueIdentifier>
    </Filter>
  </ItemGroup>
</Project>
